
Microsoft Visual Studio Solution File, Format Version 12.00
# Visual Studio Version 16
VisualStudioVersion = 16.0.28803.156
MinimumVisualStudioVersion = 10.0.40219.1
Project("{FAE04EC0-301F-11D3-BF4B-00C04F79EFBC}") = "LearningCSharp", "LearningCSharp\LearningCSharp.csproj", "{2F507EE5-412E-416D-BC4E-B78B6AD838CF}"
EndProject
Global
	GlobalSection(SolutionConfigurationPlatforms) = preSolution
		Debug|Any CPU = Debug|Any CPU
		Release|Any CPU = Release|Any CPU
	EndGlobalSection
	GlobalSection(ProjectConfigurationPlatforms) = postSolution
		{2F507EE5-412E-416D-BC4E-B78B6AD838CF}.Debug|Any CPU.ActiveCfg = Debug|Any CPU
		{2F507EE5-412E-416D-BC4E-B78B6AD838CF}.Debug|Any CPU.Build.0 = Debug|Any CPU
		{2F507EE5-412E-416D-BC4E-B78B6AD838CF}.Release|Any CPU.ActiveCfg = Release|Any CPU
		{2F507EE5-412E-416D-BC4E-B78B6AD838CF}.Release|Any CPU.Build.0 = Release|Any CPU
	EndGlobalSection
	GlobalSection(SolutionProperties) = preSolution
		HideSolutionNode = FALSE
	EndGlobalSection
	GlobalSection(ExtensibilityGlobals) = postSolution
		SolutionGuid = {14E5202E-6F29-4C24-9939-C07AB98DF054}
	EndGlobalSection
EndGlobal
