
Microsoft Visual Studio Solution File, Format Version 12.00
# Visual Studio Version 16
VisualStudioVersion = 16.0.28803.156
MinimumVisualStudioVersion = 10.0.40219.1
Project("{FAE04EC0-301F-11D3-BF4B-00C04F79EFBC}") = "RecursiveFactorial", "RecursiveFactorial\RecursiveFactorial.csproj", "{F677B9F4-BFA9-4AA1-8E36-DAB6E5DDE0B2}"
EndProject
Global
	GlobalSection(SolutionConfigurationPlatforms) = preSolution
		Debug|Any CPU = Debug|Any CPU
		Release|Any CPU = Release|Any CPU
	EndGlobalSection
	GlobalSection(ProjectConfigurationPlatforms) = postSolution
		{F677B9F4-BFA9-4AA1-8E36-DAB6E5DDE0B2}.Debug|Any CPU.ActiveCfg = Debug|Any CPU
		{F677B9F4-BFA9-4AA1-8E36-DAB6E5DDE0B2}.Debug|Any CPU.Build.0 = Debug|Any CPU
		{F677B9F4-BFA9-4AA1-8E36-DAB6E5DDE0B2}.Release|Any CPU.ActiveCfg = Release|Any CPU
		{F677B9F4-BFA9-4AA1-8E36-DAB6E5DDE0B2}.Release|Any CPU.Build.0 = Release|Any CPU
	EndGlobalSection
	GlobalSection(SolutionProperties) = preSolution
		HideSolutionNode = FALSE
	EndGlobalSection
	GlobalSection(ExtensibilityGlobals) = postSolution
		SolutionGuid = {615FA2A3-F3F5-4548-8C43-37B9D130B2B4}
	EndGlobalSection
EndGlobal
